{
  "name": "cloud-portal-backend",
  "version": "20.2.0",
  "lockfileVersion": 1,
  "requires": true,
  "dependencies": {
    "bootstrap": {
      "version": "3.4.1",
      "resolved": "https://registry.npmjs.org/bootstrap/-/bootstrap-3.4.1.tgz",
      "integrity": "sha512-yN5oZVmRCwe5aKwzRj6736nSmKDX7pLYwsXiCj/EYmo16hODaBiT4En5btW/jhBF/seV+XMx3aYwukYC3A49DA=="
    },
    "split.js": {
      "version": "1.6.2",
      "resolved": "https://registry.npmjs.org/split.js/-/split.js-1.6.2.tgz",
      "integrity": "sha512-72C7zcQePzlmWqPOKkB2Ro0sUmnWSx+qEWXjLJKk6Qp4jAkFRz1hJgJb+ay6ZQyz/Aw9r8N/PZiCEKbPVpFoDQ=="
    }
  }
}
