# This file is automatically @generated by Poetry 1.5.1 and should not be changed by hand.

[[package]]
name = "appdirs"
version = "1.4.4"
description = "A small Python module for determining appropriate platform-specific dirs, e.g. a \"user data dir\"."
optional = false
python-versions = "*"
files = [
    {file = "appdirs-1.4.4-py2.py3-none-any.whl", hash = "sha256:a841dacd6b99318a741b166adb07e19ee71a274450e68237b4650ca1055ab128"},
    {file = "appdirs-1.4.4.tar.gz", hash = "sha256:7d5d0167b2b1ba821647616af46a749d1c653740dd0d2415100fe26e27afdf41"},
]

[package.source]
type = "legacy"
url = "http://artifactory.us.nxteam.dev/artifactory/api/pypi/pypi-remote/simple"
reference = "pypi-remote"

[[package]]
name = "attrs"
version = "23.2.0"
description = "Classes Without Boilerplate"
optional = false
python-versions = ">=3.7"
files = [
    {file = "attrs-23.2.0-py3-none-any.whl", hash = "sha256:99b87a485a5820b23b879f04c2305b44b951b502fd64be915879d77a7e8fc6f1"},
    {file = "attrs-23.2.0.tar.gz", hash = "sha256:935dc3b529c262f6cf76e50877d35a4bd3c1de194fd41f47a2b7ae8f19971f30"},
]

[package.extras]
cov = ["attrs[tests]", "coverage[toml] (>=5.3)"]
dev = ["attrs[tests]", "pre-commit"]
docs = ["furo", "myst-parser", "sphinx", "sphinx-notfound-page", "sphinxcontrib-towncrier", "towncrier", "zope-interface"]
tests = ["attrs[tests-no-zope]", "zope-interface"]
tests-mypy = ["mypy (>=1.6)", "pytest-mypy-plugins"]
tests-no-zope = ["attrs[tests-mypy]", "cloudpickle", "hypothesis", "pympler", "pytest (>=4.3.0)", "pytest-xdist[psutil]"]

[package.source]
type = "legacy"
url = "http://artifactory.us.nxteam.dev/artifactory/api/pypi/pypi-remote/simple"
reference = "pypi-remote"

[[package]]
name = "beautifulsoup4"
version = "4.12.3"
description = "Screen-scraping library"
optional = false
python-versions = ">=3.6.0"
files = [
    {file = "beautifulsoup4-4.12.3-py3-none-any.whl", hash = "sha256:b80878c9f40111313e55da8ba20bdba06d8fa3969fc68304167741bbf9e082ed"},
    {file = "beautifulsoup4-4.12.3.tar.gz", hash = "sha256:74e3d1928edc070d21748185c46e3fb33490f22f52a3addee9aee0f4f7781051"},
]

[package.dependencies]
soupsieve = ">1.2"

[package.extras]
cchardet = ["cchardet"]
chardet = ["chardet"]
charset-normalizer = ["charset-normalizer"]
html5lib = ["html5lib"]
lxml = ["lxml"]

[package.source]
type = "legacy"
url = "http://artifactory.us.nxteam.dev/artifactory/api/pypi/pypi-remote/simple"
reference = "pypi-remote"

[[package]]
name = "bs4"
version = "0.0.2"
description = "Dummy package for Beautiful Soup (beautifulsoup4)"
optional = false
python-versions = "*"
files = [
    {file = "bs4-0.0.2-py2.py3-none-any.whl", hash = "sha256:abf8742c0805ef7f662dce4b51cca104cffe52b835238afc169142ab9b3fbccc"},
    {file = "bs4-0.0.2.tar.gz", hash = "sha256:a48685c58f50fe127722417bae83fe6badf500d54b55f7e39ffe43b798653925"},
]

[package.dependencies]
beautifulsoup4 = "*"

[package.source]
type = "legacy"
url = "http://artifactory.us.nxteam.dev/artifactory/api/pypi/pypi-remote/simple"
reference = "pypi-remote"

[[package]]
name = "cattrs"
version = "24.1.2"
description = "Composable complex class support for attrs and dataclasses."
optional = false
python-versions = ">=3.8"
files = [
    {file = "cattrs-24.1.2-py3-none-any.whl", hash = "sha256:67c7495b760168d931a10233f979b28dc04daf853b30752246f4f8471c6d68d0"},
    {file = "cattrs-24.1.2.tar.gz", hash = "sha256:8028cfe1ff5382df59dd36474a86e02d817b06eaf8af84555441bac915d2ef85"},
]

[package.dependencies]
attrs = ">=23.1.0"

[package.extras]
bson = ["pymongo (>=4.4.0)"]
cbor2 = ["cbor2 (>=5.4.6)"]
msgpack = ["msgpack (>=1.0.5)"]
msgspec = ["msgspec (>=0.18.5)"]
orjson = ["orjson (>=3.9.2)"]
pyyaml = ["pyyaml (>=6.0)"]
tomlkit = ["tomlkit (>=0.11.8)"]
ujson = ["ujson (>=5.7.0)"]

[package.source]
type = "legacy"
url = "http://artifactory.us.nxteam.dev/artifactory/api/pypi/pypi-remote/simple"
reference = "pypi-remote"

[[package]]
name = "certifi"
version = "2024.8.30"
description = "Python package for providing Mozilla's CA Bundle."
optional = false
python-versions = ">=3.6"
files = [
    {file = "certifi-2024.8.30-py3-none-any.whl", hash = "sha256:922820b53db7a7257ffbda3f597266d435245903d80737e34f8a45ff3e3230d8"},
    {file = "certifi-2024.8.30.tar.gz", hash = "sha256:bec941d2aa8195e248a60b31ff9f0558284cf01a52591ceda73ea9afffd69fd9"},
]

[package.source]
type = "legacy"
url = "http://artifactory.us.nxteam.dev/artifactory/api/pypi/pypi-remote/simple"
reference = "pypi-remote"

[[package]]
name = "charset-normalizer"
version = "3.3.2"
description = "The Real First Universal Charset Detector. Open, modern and actively maintained alternative to Chardet."
optional = false
python-versions = ">=3.7.0"
files = [
    {file = "charset-normalizer-3.3.2.tar.gz", hash = "sha256:f30c3cb33b24454a82faecaf01b19c18562b1e89558fb6c56de4d9118a032fd5"},
    {file = "charset_normalizer-3.3.2-cp310-cp310-macosx_10_9_universal2.whl", hash = "sha256:25baf083bf6f6b341f4121c2f3c548875ee6f5339300e08be3f2b2ba1721cdd3"},
    {file = "charset_normalizer-3.3.2-cp310-cp310-macosx_10_9_x86_64.whl", hash = "sha256:06435b539f889b1f6f4ac1758871aae42dc3a8c0e24ac9e60c2384973ad73027"},
    {file = "charset_normalizer-3.3.2-cp310-cp310-macosx_11_0_arm64.whl", hash = "sha256:9063e24fdb1e498ab71cb7419e24622516c4a04476b17a2dab57e8baa30d6e03"},
    {file = "charset_normalizer-3.3.2-cp310-cp310-manylinux_2_17_aarch64.manylinux2014_aarch64.whl", hash = "sha256:6897af51655e3691ff853668779c7bad41579facacf5fd7253b0133308cf000d"},
    {file = "charset_normalizer-3.3.2-cp310-cp310-manylinux_2_17_ppc64le.manylinux2014_ppc64le.whl", hash = "sha256:1d3193f4a680c64b4b6a9115943538edb896edc190f0b222e73761716519268e"},
    {file = "charset_normalizer-3.3.2-cp310-cp310-manylinux_2_17_s390x.manylinux2014_s390x.whl", hash = "sha256:cd70574b12bb8a4d2aaa0094515df2463cb429d8536cfb6c7ce983246983e5a6"},
    {file = "charset_normalizer-3.3.2-cp310-cp310-manylinux_2_17_x86_64.manylinux2014_x86_64.whl", hash = "sha256:8465322196c8b4d7ab6d1e049e4c5cb460d0394da4a27d23cc242fbf0034b6b5"},
    {file = "charset_normalizer-3.3.2-cp310-cp310-manylinux_2_5_i686.manylinux1_i686.manylinux_2_17_i686.manylinux2014_i686.whl", hash = "sha256:a9a8e9031d613fd2009c182b69c7b2c1ef8239a0efb1df3f7c8da66d5dd3d537"},
    {file = "charset_normalizer-3.3.2-cp310-cp310-musllinux_1_1_aarch64.whl", hash = "sha256:beb58fe5cdb101e3a055192ac291b7a21e3b7ef4f67fa1d74e331a7f2124341c"},
    {file = "charset_normalizer-3.3.2-cp310-cp310-musllinux_1_1_i686.whl", hash = "sha256:e06ed3eb3218bc64786f7db41917d4e686cc4856944f53d5bdf83a6884432e12"},
    {file = "charset_normalizer-3.3.2-cp310-cp310-musllinux_1_1_ppc64le.whl", hash = "sha256:2e81c7b9c8979ce92ed306c249d46894776a909505d8f5a4ba55b14206e3222f"},
    {file = "charset_normalizer-3.3.2-cp310-cp310-musllinux_1_1_s390x.whl", hash = "sha256:572c3763a264ba47b3cf708a44ce965d98555f618ca42c926a9c1616d8f34269"},
    {file = "charset_normalizer-3.3.2-cp310-cp310-musllinux_1_1_x86_64.whl", hash = "sha256:fd1abc0d89e30cc4e02e4064dc67fcc51bd941eb395c502aac3ec19fab46b519"},
    {file = "charset_normalizer-3.3.2-cp310-cp310-win32.whl", hash = "sha256:3d47fa203a7bd9c5b6cee4736ee84ca03b8ef23193c0d1ca99b5089f72645c73"},
    {file = "charset_normalizer-3.3.2-cp310-cp310-win_amd64.whl", hash = "sha256:10955842570876604d404661fbccbc9c7e684caf432c09c715ec38fbae45ae09"},
    {file = "charset_normalizer-3.3.2-cp311-cp311-macosx_10_9_universal2.whl", hash = "sha256:802fe99cca7457642125a8a88a084cef28ff0cf9407060f7b93dca5aa25480db"},
    {file = "charset_normalizer-3.3.2-cp311-cp311-macosx_10_9_x86_64.whl", hash = "sha256:573f6eac48f4769d667c4442081b1794f52919e7edada77495aaed9236d13a96"},
    {file = "charset_normalizer-3.3.2-cp311-cp311-macosx_11_0_arm64.whl", hash = "sha256:549a3a73da901d5bc3ce8d24e0600d1fa85524c10287f6004fbab87672bf3e1e"},
    {file = "charset_normalizer-3.3.2-cp311-cp311-manylinux_2_17_aarch64.manylinux2014_aarch64.whl", hash = "sha256:f27273b60488abe721a075bcca6d7f3964f9f6f067c8c4c605743023d7d3944f"},
    {file = "charset_normalizer-3.3.2-cp311-cp311-manylinux_2_17_ppc64le.manylinux2014_ppc64le.whl", hash = "sha256:1ceae2f17a9c33cb48e3263960dc5fc8005351ee19db217e9b1bb15d28c02574"},
    {file = "charset_normalizer-3.3.2-cp311-cp311-manylinux_2_17_s390x.manylinux2014_s390x.whl", hash = "sha256:65f6f63034100ead094b8744b3b97965785388f308a64cf8d7c34f2f2e5be0c4"},
    {file = "charset_normalizer-3.3.2-cp311-cp311-manylinux_2_17_x86_64.manylinux2014_x86_64.whl", hash = "sha256:753f10e867343b4511128c6ed8c82f7bec3bd026875576dfd88483c5c73b2fd8"},
    {file = "charset_normalizer-3.3.2-cp311-cp311-manylinux_2_5_i686.manylinux1_i686.manylinux_2_17_i686.manylinux2014_i686.whl", hash = "sha256:4a78b2b446bd7c934f5dcedc588903fb2f5eec172f3d29e52a9096a43722adfc"},
    {file = "charset_normalizer-3.3.2-cp311-cp311-musllinux_1_1_aarch64.whl", hash = "sha256:e537484df0d8f426ce2afb2d0f8e1c3d0b114b83f8850e5f2fbea0e797bd82ae"},
    {file = "charset_normalizer-3.3.2-cp311-cp311-musllinux_1_1_i686.whl", hash = "sha256:eb6904c354526e758fda7167b33005998fb68c46fbc10e013ca97f21ca5c8887"},
    {file = "charset_normalizer-3.3.2-cp311-cp311-musllinux_1_1_ppc64le.whl", hash = "sha256:deb6be0ac38ece9ba87dea880e438f25ca3eddfac8b002a2ec3d9183a454e8ae"},
    {file = "charset_normalizer-3.3.2-cp311-cp311-musllinux_1_1_s390x.whl", hash = "sha256:4ab2fe47fae9e0f9dee8c04187ce5d09f48eabe611be8259444906793ab7cbce"},
    {file = "charset_normalizer-3.3.2-cp311-cp311-musllinux_1_1_x86_64.whl", hash = "sha256:80402cd6ee291dcb72644d6eac93785fe2c8b9cb30893c1af5b8fdd753b9d40f"},
    {file = "charset_normalizer-3.3.2-cp311-cp311-win32.whl", hash = "sha256:7cd13a2e3ddeed6913a65e66e94b51d80a041145a026c27e6bb76c31a853c6ab"},
    {file = "charset_normalizer-3.3.2-cp311-cp311-win_amd64.whl", hash = "sha256:663946639d296df6a2bb2aa51b60a2454ca1cb29835324c640dafb5ff2131a77"},
    {file = "charset_normalizer-3.3.2-cp312-cp312-macosx_10_9_universal2.whl", hash = "sha256:0b2b64d2bb6d3fb9112bafa732def486049e63de9618b5843bcdd081d8144cd8"},
    {file = "charset_normalizer-3.3.2-cp312-cp312-macosx_10_9_x86_64.whl", hash = "sha256:ddbb2551d7e0102e7252db79ba445cdab71b26640817ab1e3e3648dad515003b"},
    {file = "charset_normalizer-3.3.2-cp312-cp312-macosx_11_0_arm64.whl", hash = "sha256:55086ee1064215781fff39a1af09518bc9255b50d6333f2e4c74ca09fac6a8f6"},
    {file = "charset_normalizer-3.3.2-cp312-cp312-manylinux_2_17_aarch64.manylinux2014_aarch64.whl", hash = "sha256:8f4a014bc36d3c57402e2977dada34f9c12300af536839dc38c0beab8878f38a"},
    {file = "charset_normalizer-3.3.2-cp312-cp312-manylinux_2_17_ppc64le.manylinux2014_ppc64le.whl", hash = "sha256:a10af20b82360ab00827f916a6058451b723b4e65030c5a18577c8b2de5b3389"},
    {file = "charset_normalizer-3.3.2-cp312-cp312-manylinux_2_17_s390x.manylinux2014_s390x.whl", hash = "sha256:8d756e44e94489e49571086ef83b2bb8ce311e730092d2c34ca8f7d925cb20aa"},
    {file = "charset_normalizer-3.3.2-cp312-cp312-manylinux_2_17_x86_64.manylinux2014_x86_64.whl", hash = "sha256:90d558489962fd4918143277a773316e56c72da56ec7aa3dc3dbbe20fdfed15b"},
    {file = "charset_normalizer-3.3.2-cp312-cp312-manylinux_2_5_i686.manylinux1_i686.manylinux_2_17_i686.manylinux2014_i686.whl", hash = "sha256:6ac7ffc7ad6d040517be39eb591cac5ff87416c2537df6ba3cba3bae290c0fed"},
    {file = "charset_normalizer-3.3.2-cp312-cp312-musllinux_1_1_aarch64.whl", hash = "sha256:7ed9e526742851e8d5cc9e6cf41427dfc6068d4f5a3bb03659444b4cabf6bc26"},
    {file = "charset_normalizer-3.3.2-cp312-cp312-musllinux_1_1_i686.whl", hash = "sha256:8bdb58ff7ba23002a4c5808d608e4e6c687175724f54a5dade5fa8c67b604e4d"},
    {file = "charset_normalizer-3.3.2-cp312-cp312-musllinux_1_1_ppc64le.whl", hash = "sha256:6b3251890fff30ee142c44144871185dbe13b11bab478a88887a639655be1068"},
    {file = "charset_normalizer-3.3.2-cp312-cp312-musllinux_1_1_s390x.whl", hash = "sha256:b4a23f61ce87adf89be746c8a8974fe1c823c891d8f86eb218bb957c924bb143"},
    {file = "charset_normalizer-3.3.2-cp312-cp312-musllinux_1_1_x86_64.whl", hash = "sha256:efcb3f6676480691518c177e3b465bcddf57cea040302f9f4e6e191af91174d4"},
    {file = "charset_normalizer-3.3.2-cp312-cp312-win32.whl", hash = "sha256:d965bba47ddeec8cd560687584e88cf699fd28f192ceb452d1d7ee807c5597b7"},
    {file = "charset_normalizer-3.3.2-cp312-cp312-win_amd64.whl", hash = "sha256:96b02a3dc4381e5494fad39be677abcb5e6634bf7b4fa83a6dd3112607547001"},
    {file = "charset_normalizer-3.3.2-cp37-cp37m-macosx_10_9_x86_64.whl", hash = "sha256:95f2a5796329323b8f0512e09dbb7a1860c46a39da62ecb2324f116fa8fdc85c"},
    {file = "charset_normalizer-3.3.2-cp37-cp37m-manylinux_2_17_aarch64.manylinux2014_aarch64.whl", hash = "sha256:c002b4ffc0be611f0d9da932eb0f704fe2602a9a949d1f738e4c34c75b0863d5"},
    {file = "charset_normalizer-3.3.2-cp37-cp37m-manylinux_2_17_ppc64le.manylinux2014_ppc64le.whl", hash = "sha256:a981a536974bbc7a512cf44ed14938cf01030a99e9b3a06dd59578882f06f985"},
    {file = "charset_normalizer-3.3.2-cp37-cp37m-manylinux_2_17_s390x.manylinux2014_s390x.whl", hash = "sha256:3287761bc4ee9e33561a7e058c72ac0938c4f57fe49a09eae428fd88aafe7bb6"},
    {file = "charset_normalizer-3.3.2-cp37-cp37m-manylinux_2_17_x86_64.manylinux2014_x86_64.whl", hash = "sha256:42cb296636fcc8b0644486d15c12376cb9fa75443e00fb25de0b8602e64c1714"},
    {file = "charset_normalizer-3.3.2-cp37-cp37m-manylinux_2_5_i686.manylinux1_i686.manylinux_2_17_i686.manylinux2014_i686.whl", hash = "sha256:0a55554a2fa0d408816b3b5cedf0045f4b8e1a6065aec45849de2d6f3f8e9786"},
    {file = "charset_normalizer-3.3.2-cp37-cp37m-musllinux_1_1_aarch64.whl", hash = "sha256:c083af607d2515612056a31f0a8d9e0fcb5876b7bfc0abad3ecd275bc4ebc2d5"},
    {file = "charset_normalizer-3.3.2-cp37-cp37m-musllinux_1_1_i686.whl", hash = "sha256:87d1351268731db79e0f8e745d92493ee2841c974128ef629dc518b937d9194c"},
    {file = "charset_normalizer-3.3.2-cp37-cp37m-musllinux_1_1_ppc64le.whl", hash = "sha256:bd8f7df7d12c2db9fab40bdd87a7c09b1530128315d047a086fa3ae3435cb3a8"},
    {file = "charset_normalizer-3.3.2-cp37-cp37m-musllinux_1_1_s390x.whl", hash = "sha256:c180f51afb394e165eafe4ac2936a14bee3eb10debc9d9e4db8958fe36afe711"},
    {file = "charset_normalizer-3.3.2-cp37-cp37m-musllinux_1_1_x86_64.whl", hash = "sha256:8c622a5fe39a48f78944a87d4fb8a53ee07344641b0562c540d840748571b811"},
    {file = "charset_normalizer-3.3.2-cp37-cp37m-win32.whl", hash = "sha256:db364eca23f876da6f9e16c9da0df51aa4f104a972735574842618b8c6d999d4"},
    {file = "charset_normalizer-3.3.2-cp37-cp37m-win_amd64.whl", hash = "sha256:86216b5cee4b06df986d214f664305142d9c76df9b6512be2738aa72a2048f99"},
    {file = "charset_normalizer-3.3.2-cp38-cp38-macosx_10_9_universal2.whl", hash = "sha256:6463effa3186ea09411d50efc7d85360b38d5f09b870c48e4600f63af490e56a"},
    {file = "charset_normalizer-3.3.2-cp38-cp38-macosx_10_9_x86_64.whl", hash = "sha256:6c4caeef8fa63d06bd437cd4bdcf3ffefe6738fb1b25951440d80dc7df8c03ac"},
    {file = "charset_normalizer-3.3.2-cp38-cp38-macosx_11_0_arm64.whl", hash = "sha256:37e55c8e51c236f95b033f6fb391d7d7970ba5fe7ff453dad675e88cf303377a"},
    {file = "charset_normalizer-3.3.2-cp38-cp38-manylinux_2_17_aarch64.manylinux2014_aarch64.whl", hash = "sha256:fb69256e180cb6c8a894fee62b3afebae785babc1ee98b81cdf68bbca1987f33"},
    {file = "charset_normalizer-3.3.2-cp38-cp38-manylinux_2_17_ppc64le.manylinux2014_ppc64le.whl", hash = "sha256:ae5f4161f18c61806f411a13b0310bea87f987c7d2ecdbdaad0e94eb2e404238"},
    {file = "charset_normalizer-3.3.2-cp38-cp38-manylinux_2_17_s390x.manylinux2014_s390x.whl", hash = "sha256:b2b0a0c0517616b6869869f8c581d4eb2dd83a4d79e0ebcb7d373ef9956aeb0a"},
    {file = "charset_normalizer-3.3.2-cp38-cp38-manylinux_2_17_x86_64.manylinux2014_x86_64.whl", hash = "sha256:45485e01ff4d3630ec0d9617310448a8702f70e9c01906b0d0118bdf9d124cf2"},
    {file = "charset_normalizer-3.3.2-cp38-cp38-manylinux_2_5_i686.manylinux1_i686.manylinux_2_17_i686.manylinux2014_i686.whl", hash = "sha256:eb00ed941194665c332bf8e078baf037d6c35d7c4f3102ea2d4f16ca94a26dc8"},
    {file = "charset_normalizer-3.3.2-cp38-cp38-musllinux_1_1_aarch64.whl", hash = "sha256:2127566c664442652f024c837091890cb1942c30937add288223dc895793f898"},
    {file = "charset_normalizer-3.3.2-cp38-cp38-musllinux_1_1_i686.whl", hash = "sha256:a50aebfa173e157099939b17f18600f72f84eed3049e743b68ad15bd69b6bf99"},
    {file = "charset_normalizer-3.3.2-cp38-cp38-musllinux_1_1_ppc64le.whl", hash = "sha256:4d0d1650369165a14e14e1e47b372cfcb31d6ab44e6e33cb2d4e57265290044d"},
    {file = "charset_normalizer-3.3.2-cp38-cp38-musllinux_1_1_s390x.whl", hash = "sha256:923c0c831b7cfcb071580d3f46c4baf50f174be571576556269530f4bbd79d04"},
    {file = "charset_normalizer-3.3.2-cp38-cp38-musllinux_1_1_x86_64.whl", hash = "sha256:06a81e93cd441c56a9b65d8e1d043daeb97a3d0856d177d5c90ba85acb3db087"},
    {file = "charset_normalizer-3.3.2-cp38-cp38-win32.whl", hash = "sha256:6ef1d82a3af9d3eecdba2321dc1b3c238245d890843e040e41e470ffa64c3e25"},
    {file = "charset_normalizer-3.3.2-cp38-cp38-win_amd64.whl", hash = "sha256:eb8821e09e916165e160797a6c17edda0679379a4be5c716c260e836e122f54b"},
    {file = "charset_normalizer-3.3.2-cp39-cp39-macosx_10_9_universal2.whl", hash = "sha256:c235ebd9baae02f1b77bcea61bce332cb4331dc3617d254df3323aa01ab47bd4"},
    {file = "charset_normalizer-3.3.2-cp39-cp39-macosx_10_9_x86_64.whl", hash = "sha256:5b4c145409bef602a690e7cfad0a15a55c13320ff7a3ad7ca59c13bb8ba4d45d"},
    {file = "charset_normalizer-3.3.2-cp39-cp39-macosx_11_0_arm64.whl", hash = "sha256:68d1f8a9e9e37c1223b656399be5d6b448dea850bed7d0f87a8311f1ff3dabb0"},
    {file = "charset_normalizer-3.3.2-cp39-cp39-manylinux_2_17_aarch64.manylinux2014_aarch64.whl", hash = "sha256:22afcb9f253dac0696b5a4be4a1c0f8762f8239e21b99680099abd9b2b1b2269"},
    {file = "charset_normalizer-3.3.2-cp39-cp39-manylinux_2_17_ppc64le.manylinux2014_ppc64le.whl", hash = "sha256:e27ad930a842b4c5eb8ac0016b0a54f5aebbe679340c26101df33424142c143c"},
    {file = "charset_normalizer-3.3.2-cp39-cp39-manylinux_2_17_s390x.manylinux2014_s390x.whl", hash = "sha256:1f79682fbe303db92bc2b1136016a38a42e835d932bab5b3b1bfcfbf0640e519"},
    {file = "charset_normalizer-3.3.2-cp39-cp39-manylinux_2_17_x86_64.manylinux2014_x86_64.whl", hash = "sha256:b261ccdec7821281dade748d088bb6e9b69e6d15b30652b74cbbac25e280b796"},
    {file = "charset_normalizer-3.3.2-cp39-cp39-manylinux_2_5_i686.manylinux1_i686.manylinux_2_17_i686.manylinux2014_i686.whl", hash = "sha256:122c7fa62b130ed55f8f285bfd56d5f4b4a5b503609d181f9ad85e55c89f4185"},
    {file = "charset_normalizer-3.3.2-cp39-cp39-musllinux_1_1_aarch64.whl", hash = "sha256:d0eccceffcb53201b5bfebb52600a5fb483a20b61da9dbc885f8b103cbe7598c"},
    {file = "charset_normalizer-3.3.2-cp39-cp39-musllinux_1_1_i686.whl", hash = "sha256:9f96df6923e21816da7e0ad3fd47dd8f94b2a5ce594e00677c0013018b813458"},
    {file = "charset_normalizer-3.3.2-cp39-cp39-musllinux_1_1_ppc64le.whl", hash = "sha256:7f04c839ed0b6b98b1a7501a002144b76c18fb1c1850c8b98d458ac269e26ed2"},
    {file = "charset_normalizer-3.3.2-cp39-cp39-musllinux_1_1_s390x.whl", hash = "sha256:34d1c8da1e78d2e001f363791c98a272bb734000fcef47a491c1e3b0505657a8"},
    {file = "charset_normalizer-3.3.2-cp39-cp39-musllinux_1_1_x86_64.whl", hash = "sha256:ff8fa367d09b717b2a17a052544193ad76cd49979c805768879cb63d9ca50561"},
    {file = "charset_normalizer-3.3.2-cp39-cp39-win32.whl", hash = "sha256:aed38f6e4fb3f5d6bf81bfa990a07806be9d83cf7bacef998ab1a9bd660a581f"},
    {file = "charset_normalizer-3.3.2-cp39-cp39-win_amd64.whl", hash = "sha256:b01b88d45a6fcb69667cd6d2f7a9aeb4bf53760d7fc536bf679ec94fe9f3ff3d"},
    {file = "charset_normalizer-3.3.2-py3-none-any.whl", hash = "sha256:3e4d1f6587322d2788836a99c69062fbb091331ec940e02d12d179c1d53e25fc"},
]

[package.source]
type = "legacy"
url = "http://artifactory.us.nxteam.dev/artifactory/api/pypi/pypi-remote/simple"
reference = "pypi-remote"

[[package]]
name = "colorama"
version = "0.4.6"
description = "Cross-platform colored terminal text."
optional = false
python-versions = "!=3.0.*,!=3.1.*,!=3.2.*,!=3.3.*,!=3.4.*,!=3.5.*,!=3.6.*,>=2.7"
files = [
    {file = "colorama-0.4.6-py2.py3-none-any.whl", hash = "sha256:4f1d9991f5acc0ca119f9d443620b77f9d6b33703e51011c16baf57afb285fc6"},
    {file = "colorama-0.4.6.tar.gz", hash = "sha256:08695f5cb7ed6e0531a20572697297273c47b8cae5a63ffc6d6ed5c201be6e44"},
]

[package.source]
type = "legacy"
url = "http://artifactory.us.nxteam.dev/artifactory/api/pypi/pypi-remote/simple"
reference = "pypi-remote"

[[package]]
name = "fhconfparser"
version = "2024.1"
description = "Provides a config language independent way to read a config file."
optional = false
python-versions = ">=3.8,<4.0"
files = [
    {file = "fhconfparser-2024.1-py3-none-any.whl", hash = "sha256:f6048cb646e69a3422a581bc0102150c2b79fe7ff26b82233e5ef52f72820e3e"},
    {file = "fhconfparser-2024.1.tar.gz", hash = "sha256:de8af019f0071e614d523985e1d93e0fce20a409d1c64dead03b1b665d4b2e4d"},
]

[package.dependencies]
attrs = ">=23.2.0,<24"
tomli = ">=2.0.1,<3"

[package.source]
type = "legacy"
url = "http://artifactory.us.nxteam.dev/artifactory/api/pypi/pypi-remote/simple"
reference = "pypi-remote"

[[package]]
name = "furl"
version = "2.1.3"
description = "URL manipulation made simple."
optional = false
python-versions = "*"
files = [
    {file = "furl-2.1.3-py2.py3-none-any.whl", hash = "sha256:9ab425062c4217f9802508e45feb4a83e54324273ac4b202f1850363309666c0"},
    {file = "furl-2.1.3.tar.gz", hash = "sha256:5a6188fe2666c484a12159c18be97a1977a71d632ef5bb867ef15f54af39cc4e"},
]

[package.dependencies]
orderedmultidict = ">=1.0.1"
six = ">=1.8.0"

[package.source]
type = "legacy"
url = "http://artifactory.us.nxteam.dev/artifactory/api/pypi/pypi-remote/simple"
reference = "pypi-remote"

[[package]]
name = "idna"
version = "3.10"
description = "Internationalized Domain Names in Applications (IDNA)"
optional = false
python-versions = ">=3.6"
files = [
    {file = "idna-3.10-py3-none-any.whl", hash = "sha256:946d195a0d259cbba61165e88e65941f16e9b36ea6ddb97f00452bae8b1287d3"},
    {file = "idna-3.10.tar.gz", hash = "sha256:12f65c9b470abda6dc35cf8e63cc574b1c52b11df2c86030af0ac09b01b13ea9"},
]

[package.extras]
all = ["flake8 (>=7.1.1)", "mypy (>=1.11.2)", "pytest (>=8.3.2)", "ruff (>=0.6.2)"]

[package.source]
type = "legacy"
url = "http://artifactory.us.nxteam.dev/artifactory/api/pypi/pypi-remote/simple"
reference = "pypi-remote"

[[package]]
name = "jk-furl"
version = "0.2021.3.15"
description = "This python module offers support for URL handling. It provides the existing furl implementation as well as some additional features."
optional = false
python-versions = "*"
files = [
    {file = "jk_furl-0.2021.3.15.tar.gz", hash = "sha256:9f53c804e366fc9ce5662c56a9137d175e371798de4284a7a6aa01128d9e4daa"},
]

[package.dependencies]
furl = "*"

[package.source]
type = "legacy"
url = "http://artifactory.us.nxteam.dev/artifactory/api/pypi/pypi-remote/simple"
reference = "pypi-remote"

[[package]]
name = "jk-prettyprintobj"
version = "0.2024.6.7"
description = "This python module provides a mixin for creating pretty debugging output for objects. This is especially useful for semi-complex data structures."
optional = false
python-versions = ">=3.8"
files = [
    {file = "jk_prettyprintobj-0.2024.6.7-py3-none-any.whl", hash = "sha256:86a8fe4c695b83544b6b1007feee500c518894388af3660f1caec75336c953a3"},
    {file = "jk_prettyprintobj-0.2024.6.7.tar.gz", hash = "sha256:8bb8122bdb2d9fa9066d27d0d501fe6d302bb2ade2b7e3db4c69a8b558edf8cf"},
]

[package.source]
type = "legacy"
url = "http://artifactory.us.nxteam.dev/artifactory/api/pypi/pypi-remote/simple"
reference = "pypi-remote"

[[package]]
name = "jk-pypiorgapi"
version = "0.2022.6.13"
description = "An API for accessing Python packet information hosted on pypi.org"
optional = false
python-versions = "*"
files = [
    {file = "jk_pypiorgapi-0.2022.6.13.tar.gz", hash = "sha256:357153eb15608980f7fc98e3f38cbed51eac848ab69701703eec9446e8c14ade"},
]

[package.dependencies]
bs4 = "*"
jk_furl = "*"
jk_prettyprintobj = "*"

[package.source]
type = "legacy"
url = "http://artifactory.us.nxteam.dev/artifactory/api/pypi/pypi-remote/simple"
reference = "pypi-remote"

[[package]]
name = "licensecheck"
version = "2024.3"
description = "Output the licenses used by dependencies and check if these are compatible with the project license"
optional = false
python-versions = ">=3.8,<4.0"
files = [
    {file = "licensecheck-2024.3-py3-none-any.whl", hash = "sha256:0baef4c1865e0325a35ff25ed12a0c7094035b7dcfbab9a1abfe43d7735adebe"},
    {file = "licensecheck-2024.3.tar.gz", hash = "sha256:e838e1c87a7ede553df376ad35a69d7c4b02676df0fba9dd1c6a6866eb0e0ee5"},
]

[package.dependencies]
appdirs = ">=1.4.4,<2"
fhconfparser = ">=2024.1,<2026"
loguru = ">=0.7.2,<2"
markdown = ">=3.6,<4"
packaging = ">=24.0,<25"
requests = ">=2.31.0,<3"
requests-cache = ">=1.2.0,<2"
requirements-parser = ">=0.11.0,<2"
rich = ">=13.7.1,<14"
tomli = ">=2.0.1,<3"
uv = ">=0.3.3,<2"

[package.source]
type = "legacy"
url = "http://artifactory.us.nxteam.dev/artifactory/api/pypi/pypi-remote/simple"
reference = "pypi-remote"

[[package]]
name = "loguru"
version = "0.7.2"
description = "Python logging made (stupidly) simple"
optional = false
python-versions = ">=3.5"
files = [
    {file = "loguru-0.7.2-py3-none-any.whl", hash = "sha256:003d71e3d3ed35f0f8984898359d65b79e5b21943f78af86aa5491210429b8eb"},
    {file = "loguru-0.7.2.tar.gz", hash = "sha256:e671a53522515f34fd406340ee968cb9ecafbc4b36c679da03c18fd8d0bd51ac"},
]

[package.dependencies]
colorama = {version = ">=0.3.4", markers = "sys_platform == \"win32\""}
win32-setctime = {version = ">=1.0.0", markers = "sys_platform == \"win32\""}

[package.extras]
dev = ["Sphinx (==7.2.5)", "colorama (==0.4.5)", "colorama (==0.4.6)", "exceptiongroup (==1.1.3)", "freezegun (==1.1.0)", "freezegun (==1.2.2)", "mypy (==v0.910)", "mypy (==v0.971)", "mypy (==v1.4.1)", "mypy (==v1.5.1)", "pre-commit (==3.4.0)", "pytest (==6.1.2)", "pytest (==7.4.0)", "pytest-cov (==2.12.1)", "pytest-cov (==4.1.0)", "pytest-mypy-plugins (==1.9.3)", "pytest-mypy-plugins (==3.0.0)", "sphinx-autobuild (==2021.3.14)", "sphinx-rtd-theme (==1.3.0)", "tox (==3.27.1)", "tox (==4.11.0)"]

[package.source]
type = "legacy"
url = "http://artifactory.us.nxteam.dev/artifactory/api/pypi/pypi-remote/simple"
reference = "pypi-remote"

[[package]]
name = "markdown"
version = "3.7"
description = "Python implementation of John Gruber's Markdown."
optional = false
python-versions = ">=3.8"
files = [
    {file = "Markdown-3.7-py3-none-any.whl", hash = "sha256:7eb6df5690b81a1d7942992c97fad2938e956e79df20cbc6186e9c3a77b1c803"},
    {file = "markdown-3.7.tar.gz", hash = "sha256:2ae2471477cfd02dbbf038d5d9bc226d40def84b4fe2986e49b59b6b472bbed2"},
]

[package.extras]
docs = ["mdx-gh-links (>=0.2)", "mkdocs (>=1.5)", "mkdocs-gen-files", "mkdocs-literate-nav", "mkdocs-nature (>=0.6)", "mkdocs-section-index", "mkdocstrings[python]"]
testing = ["coverage", "pyyaml"]

[package.source]
type = "legacy"
url = "http://artifactory.us.nxteam.dev/artifactory/api/pypi/pypi-remote/simple"
reference = "pypi-remote"

[[package]]
name = "markdown-it-py"
version = "3.0.0"
description = "Python port of markdown-it. Markdown parsing, done right!"
optional = false
python-versions = ">=3.8"
files = [
    {file = "markdown-it-py-3.0.0.tar.gz", hash = "sha256:e3f60a94fa066dc52ec76661e37c851cb232d92f9886b15cb560aaada2df8feb"},
    {file = "markdown_it_py-3.0.0-py3-none-any.whl", hash = "sha256:355216845c60bd96232cd8d8c40e8f9765cc86f46880e43a8fd22dc1a1a8cab1"},
]

[package.dependencies]
mdurl = ">=0.1,<1.0"

[package.extras]
benchmarking = ["psutil", "pytest", "pytest-benchmark"]
code-style = ["pre-commit (>=3.0,<4.0)"]
compare = ["commonmark (>=0.9,<1.0)", "markdown (>=3.4,<4.0)", "mistletoe (>=1.0,<2.0)", "mistune (>=2.0,<3.0)", "panflute (>=2.3,<3.0)"]
linkify = ["linkify-it-py (>=1,<3)"]
plugins = ["mdit-py-plugins"]
profiling = ["gprof2dot"]
rtd = ["jupyter_sphinx", "mdit-py-plugins", "myst-parser", "pyyaml", "sphinx", "sphinx-copybutton", "sphinx-design", "sphinx_book_theme"]
testing = ["coverage", "pytest", "pytest-cov", "pytest-regressions"]

[package.source]
type = "legacy"
url = "http://artifactory.us.nxteam.dev/artifactory/api/pypi/pypi-remote/simple"
reference = "pypi-remote"

[[package]]
name = "mdurl"
version = "0.1.2"
description = "Markdown URL utilities"
optional = false
python-versions = ">=3.7"
files = [
    {file = "mdurl-0.1.2-py3-none-any.whl", hash = "sha256:84008a41e51615a49fc9966191ff91509e3c40b939176e643fd50a5c2196b8f8"},
    {file = "mdurl-0.1.2.tar.gz", hash = "sha256:bb413d29f5eea38f31dd4754dd7377d4465116fb207585f97bf925588687c1ba"},
]

[package.source]
type = "legacy"
url = "http://artifactory.us.nxteam.dev/artifactory/api/pypi/pypi-remote/simple"
reference = "pypi-remote"

[[package]]
name = "orderedmultidict"
version = "1.0.1"
description = "Ordered Multivalue Dictionary"
optional = false
python-versions = "*"
files = [
    {file = "orderedmultidict-1.0.1-py2.py3-none-any.whl", hash = "sha256:43c839a17ee3cdd62234c47deca1a8508a3f2ca1d0678a3bf791c87cf84adbf3"},
    {file = "orderedmultidict-1.0.1.tar.gz", hash = "sha256:04070bbb5e87291cc9bfa51df413677faf2141c73c61d2a5f7b26bea3cd882ad"},
]

[package.dependencies]
six = ">=1.8.0"

[package.source]
type = "legacy"
url = "http://artifactory.us.nxteam.dev/artifactory/api/pypi/pypi-remote/simple"
reference = "pypi-remote"

[[package]]
name = "packaging"
version = "24.1"
description = "Core utilities for Python packages"
optional = false
python-versions = ">=3.8"
files = [
    {file = "packaging-24.1-py3-none-any.whl", hash = "sha256:5b8f2217dbdbd2f7f384c41c628544e6d52f2d0f53c6d0c3ea61aa5d1d7ff124"},
    {file = "packaging-24.1.tar.gz", hash = "sha256:026ed72c8ed3fcce5bf8950572258698927fd1dbda10a5e981cdf0ac37f4f002"},
]

[package.source]
type = "legacy"
url = "http://artifactory.us.nxteam.dev/artifactory/api/pypi/pypi-remote/simple"
reference = "pypi-remote"

[[package]]
name = "platformdirs"
version = "4.3.6"
description = "A small Python package for determining appropriate platform-specific dirs, e.g. a `user data dir`."
optional = false
python-versions = ">=3.8"
files = [
    {file = "platformdirs-4.3.6-py3-none-any.whl", hash = "sha256:73e575e1408ab8103900836b97580d5307456908a03e92031bab39e4554cc3fb"},
    {file = "platformdirs-4.3.6.tar.gz", hash = "sha256:357fb2acbc885b0419afd3ce3ed34564c13c9b95c89360cd9563f73aa5e2b907"},
]

[package.extras]
docs = ["furo (>=2024.8.6)", "proselint (>=0.14)", "sphinx (>=8.0.2)", "sphinx-autodoc-typehints (>=2.4)"]
test = ["appdirs (==1.4.4)", "covdefaults (>=2.3)", "pytest (>=8.3.2)", "pytest-cov (>=5)", "pytest-mock (>=3.14)"]
type = ["mypy (>=1.11.2)"]

[package.source]
type = "legacy"
url = "http://artifactory.us.nxteam.dev/artifactory/api/pypi/pypi-remote/simple"
reference = "pypi-remote"

[[package]]
name = "pygments"
version = "2.18.0"
description = ""
optional = false
python-versions = "*"
files = [
    {file = "pygments-2.18.0-py3-none-any.whl", hash = "sha256:b8e6aca0523f3ab76fee51799c488e38782ac06eafcf95e7ba832985c8e7b13a"},
    {file = "pygments-2.18.0.tar.gz", hash = "sha256:786ff802f32e91311bff3889f6e9a86e81505fe99f2735bb6d60ae0c5004f199"},
]

[package.source]
type = "legacy"
url = "http://artifactory.us.nxteam.dev/artifactory/api/pypi/pypi-remote/simple"
reference = "pypi-remote"

[[package]]
name = "pytoml"
version = "0.1.21"
description = "A parser for TOML-0.4.0"
optional = false
python-versions = "*"
files = [
    {file = "pytoml-0.1.21-py2.py3-none-any.whl", hash = "sha256:57a21e6347049f73bfb62011ff34cd72774c031b9828cb628a752225136dfc33"},
    {file = "pytoml-0.1.21.tar.gz", hash = "sha256:8eecf7c8d0adcff3b375b09fe403407aa9b645c499e5ab8cac670ac4a35f61e7"},
]

[package.source]
type = "legacy"
url = "http://artifactory.us.nxteam.dev/artifactory/api/pypi/pypi-remote/simple"
reference = "pypi-remote"

[[package]]
name = "requests"
version = "2.32.3"
description = "Python HTTP for Humans."
optional = false
python-versions = ">=3.8"
files = [
    {file = "requests-2.32.3-py3-none-any.whl", hash = "sha256:70761cfe03c773ceb22aa2f671b4757976145175cdfca038c02654d061d6dcc6"},
    {file = "requests-2.32.3.tar.gz", hash = "sha256:55365417734eb18255590a9ff9eb97e9e1da868d4ccd6402399eaf68af20a760"},
]

[package.dependencies]
certifi = ">=2017.4.17"
charset-normalizer = ">=2,<4"
idna = ">=2.5,<4"
urllib3 = ">=1.21.1,<3"

[package.extras]
socks = ["PySocks (>=1.5.6,!=1.5.7)"]
use-chardet-on-py3 = ["chardet (>=3.0.2,<6)"]

[package.source]
type = "legacy"
url = "http://artifactory.us.nxteam.dev/artifactory/api/pypi/pypi-remote/simple"
reference = "pypi-remote"

[[package]]
name = "requests-cache"
version = "1.2.1"
description = "A persistent cache for python requests"
optional = false
python-versions = ">=3.8"
files = [
    {file = "requests_cache-1.2.1-py3-none-any.whl", hash = "sha256:1285151cddf5331067baa82598afe2d47c7495a1334bfe7a7d329b43e9fd3603"},
    {file = "requests_cache-1.2.1.tar.gz", hash = "sha256:68abc986fdc5b8d0911318fbb5f7c80eebcd4d01bfacc6685ecf8876052511d1"},
]

[package.dependencies]
attrs = ">=21.2"
cattrs = ">=22.2"
platformdirs = ">=2.5"
requests = ">=2.22"
url-normalize = ">=1.4"
urllib3 = ">=1.25.5"

[package.extras]
all = ["boto3 (>=1.15)", "botocore (>=1.18)", "itsdangerous (>=2.0)", "pymongo (>=3)", "pyyaml (>=6.0.1)", "redis (>=3)", "ujson (>=5.4)"]
bson = ["bson (>=0.5)"]
docs = ["furo (>=2023.3,<2024.0)", "linkify-it-py (>=2.0,<3.0)", "myst-parser (>=1.0,<2.0)", "sphinx (>=5.0.2,<6.0.0)", "sphinx-autodoc-typehints (>=1.19)", "sphinx-automodapi (>=0.14)", "sphinx-copybutton (>=0.5)", "sphinx-design (>=0.2)", "sphinx-notfound-page (>=0.8)", "sphinxcontrib-apidoc (>=0.3)", "sphinxext-opengraph (>=0.9)"]
dynamodb = ["boto3 (>=1.15)", "botocore (>=1.18)"]
json = ["ujson (>=5.4)"]
mongodb = ["pymongo (>=3)"]
redis = ["redis (>=3)"]
security = ["itsdangerous (>=2.0)"]
yaml = ["pyyaml (>=6.0.1)"]

[package.source]
type = "legacy"
url = "http://artifactory.us.nxteam.dev/artifactory/api/pypi/pypi-remote/simple"
reference = "pypi-remote"

[[package]]
name = "requirements-parser"
version = "0.11.0"
description = "This is a small Python module for parsing Pip requirement files."
optional = false
python-versions = ">=3.8,<4.0"
files = [
    {file = "requirements_parser-0.11.0-py3-none-any.whl", hash = "sha256:50379eb50311834386c2568263ae5225d7b9d0867fb55cf4ecc93959de2c2684"},
    {file = "requirements_parser-0.11.0.tar.gz", hash = "sha256:35f36dc969d14830bf459803da84f314dc3d17c802592e9e970f63d0359e5920"},
]

[package.dependencies]
packaging = ">=23.2"
types-setuptools = ">=69.1.0"

[package.source]
type = "legacy"
url = "http://artifactory.us.nxteam.dev/artifactory/api/pypi/pypi-remote/simple"
reference = "pypi-remote"

[[package]]
name = "rich"
version = "13.9.2"
description = "Render rich text, tables, progress bars, syntax highlighting, markdown and more to the terminal"
optional = false
python-versions = ">=3.8.0"
files = [
    {file = "rich-13.9.2-py3-none-any.whl", hash = "sha256:8c82a3d3f8dcfe9e734771313e606b39d8247bb6b826e196f4914b333b743cf1"},
    {file = "rich-13.9.2.tar.gz", hash = "sha256:51a2c62057461aaf7152b4d611168f93a9fc73068f8ded2790f29fe2b5366d0c"},
]

[package.dependencies]
markdown-it-py = ">=2.2.0"
pygments = ">=2.13.0,<3.0.0"

[package.extras]
jupyter = ["ipywidgets (>=7.5.1,<9)"]

[package.source]
type = "legacy"
url = "http://artifactory.us.nxteam.dev/artifactory/api/pypi/pypi-remote/simple"
reference = "pypi-remote"

[[package]]
name = "six"
version = "1.16.0"
description = "Python 2 and 3 compatibility utilities"
optional = false
python-versions = ">=2.7, !=3.0.*, !=3.1.*, !=3.2.*"
files = [
    {file = "six-1.16.0-py2.py3-none-any.whl", hash = "sha256:8abb2f1d86890a2dfb989f9a77cfcfd3e47c2a354b01111771326f8aa26e0254"},
    {file = "six-1.16.0.tar.gz", hash = "sha256:1e61c37477a1626458e36f7b1d82aa5c9b094fa4802892072e49de9c60c4c926"},
]

[package.source]
type = "legacy"
url = "http://artifactory.us.nxteam.dev/artifactory/api/pypi/pypi-remote/simple"
reference = "pypi-remote"

[[package]]
name = "soupsieve"
version = "2.6"
description = ""
optional = false
python-versions = "*"
files = [
    {file = "soupsieve-2.6-py3-none-any.whl", hash = "sha256:e72c4ff06e4fb6e4b5a9f0f55fe6e81514581fca1515028625d0f299c602ccc9"},
    {file = "soupsieve-2.6.tar.gz", hash = "sha256:e2e68417777af359ec65daac1057404a3c8a5455bb8abc36f1a9866ab1a51abb"},
]

[package.source]
type = "legacy"
url = "http://artifactory.us.nxteam.dev/artifactory/api/pypi/pypi-remote/simple"
reference = "pypi-remote"

[[package]]
name = "tomli"
version = "2.0.2"
description = "A lil' TOML parser"
optional = false
python-versions = ">=3.8"
files = [
    {file = "tomli-2.0.2-py3-none-any.whl", hash = "sha256:2ebe24485c53d303f690b0ec092806a085f07af5a5aa1464f3931eec36caaa38"},
    {file = "tomli-2.0.2.tar.gz", hash = "sha256:d46d457a85337051c36524bc5349dd91b1877838e2979ac5ced3e710ed8a60ed"},
]

[package.source]
type = "legacy"
url = "http://artifactory.us.nxteam.dev/artifactory/api/pypi/pypi-remote/simple"
reference = "pypi-remote"

[[package]]
name = "types-setuptools"
version = "75.1.0.20240917"
description = "Typing stubs for setuptools"
optional = false
python-versions = ">=3.8"
files = [
    {file = "types-setuptools-75.1.0.20240917.tar.gz", hash = "sha256:12f12a165e7ed383f31def705e5c0fa1c26215dd466b0af34bd042f7d5331f55"},
    {file = "types_setuptools-75.1.0.20240917-py3-none-any.whl", hash = "sha256:06f78307e68d1bbde6938072c57b81cf8a99bc84bd6dc7e4c5014730b097dc0c"},
]

[package.source]
type = "legacy"
url = "http://artifactory.us.nxteam.dev/artifactory/api/pypi/pypi-remote/simple"
reference = "pypi-remote"

[[package]]
name = "url-normalize"
version = "1.4.3"
description = "URL normalization for Python"
optional = false
python-versions = ">=2.7, !=3.0.*, !=3.1.*, !=3.2.*, !=3.3.*, !=3.4.*, !=3.5.*"
files = [
    {file = "url-normalize-1.4.3.tar.gz", hash = "sha256:d23d3a070ac52a67b83a1c59a0e68f8608d1cd538783b401bc9de2c0fac999b2"},
    {file = "url_normalize-1.4.3-py2.py3-none-any.whl", hash = "sha256:ec3c301f04e5bb676d333a7fa162fa977ad2ca04b7e652bfc9fac4e405728eed"},
]

[package.dependencies]
six = "*"

[package.source]
type = "legacy"
url = "http://artifactory.us.nxteam.dev/artifactory/api/pypi/pypi-remote/simple"
reference = "pypi-remote"

[[package]]
name = "urllib3"
version = "2.2.3"
description = ""
optional = false
python-versions = "*"
files = [
    {file = "urllib3-2.2.3-py3-none-any.whl", hash = "sha256:ca899ca043dcb1bafa3e262d73aa25c465bfb49e0bd9dd5d59f1d0acba2f8fac"},
    {file = "urllib3-2.2.3.tar.gz", hash = "sha256:e7d814a81dad81e6caf2ec9fdedb284ecc9c73076b62654547cc64ccdcae26e9"},
]

[package.source]
type = "legacy"
url = "http://artifactory.us.nxteam.dev/artifactory/api/pypi/pypi-remote/simple"
reference = "pypi-remote"

[[package]]
name = "uv"
version = "0.4.18"
description = "An extremely fast Python package and project manager, written in Rust."
optional = false
python-versions = ">=3.8"
files = [
    {file = "uv-0.4.18-py3-none-linux_armv6l.whl", hash = "sha256:1944c0ee567ca7db60705c5d213a75b25601094b026cc17af3e704651c1e3753"},
    {file = "uv-0.4.18-py3-none-macosx_10_12_x86_64.whl", hash = "sha256:5234d47abe339c15c318e8b1bbd136ea61c4574503eda6944a5aaea91b7f6775"},
    {file = "uv-0.4.18-py3-none-macosx_11_0_arm64.whl", hash = "sha256:0c4cb31594cb2ed21bd3b603a207e99dfb9610c3db44da9dbbff0f237270f582"},
    {file = "uv-0.4.18-py3-none-manylinux_2_17_aarch64.manylinux2014_aarch64.musllinux_1_1_aarch64.whl", hash = "sha256:8af0b60adcfa2e87c77a3008d3ed6e0b577c0535468dc58e06f905ccbd27124f"},
    {file = "uv-0.4.18-py3-none-manylinux_2_17_armv7l.manylinux2014_armv7l.whl", hash = "sha256:f043c3c4514c149a00a86c3bf44df43062416d41002114e60df33895e8511c41"},
    {file = "uv-0.4.18-py3-none-manylinux_2_17_i686.manylinux2014_i686.whl", hash = "sha256:1b59d742b81c7acf75a3aac71d9b24e07407e044bebcf39d3fc3c87094014e20"},
    {file = "uv-0.4.18-py3-none-manylinux_2_17_ppc64.manylinux2014_ppc64.whl", hash = "sha256:fcc606da545d9a5ec5c2209e7eb2a4eb76627ad75df5eb5616c0b40789fe3933"},
    {file = "uv-0.4.18-py3-none-manylinux_2_17_ppc64le.manylinux2014_ppc64le.whl", hash = "sha256:96c3ccee0fd8cf0a9d679407e157b76db1a854638a4ba4fa14f4d116b4e39b03"},
    {file = "uv-0.4.18-py3-none-manylinux_2_17_s390x.manylinux2014_s390x.whl", hash = "sha256:df225a568da01f3d7e126d886c3694c5a4a7d8b85162a4d6e97822716ca0e7c4"},
    {file = "uv-0.4.18-py3-none-manylinux_2_17_x86_64.manylinux2014_x86_64.whl", hash = "sha256:b08564c8c7e8b3665ad1d6c8924d4654451f96c956eb5f3b8ec995c77734163d"},
    {file = "uv-0.4.18-py3-none-manylinux_2_28_aarch64.whl", hash = "sha256:4be600474db6733078503012f2811c4383f490f77366e66b5f686316db52c870"},
    {file = "uv-0.4.18-py3-none-musllinux_1_1_armv7l.whl", hash = "sha256:3e3ade81af961f48517fcd99318192c9c635ef9a38a7ca65026af0c803c71906"},
    {file = "uv-0.4.18-py3-none-musllinux_1_1_i686.whl", hash = "sha256:4ec60141f92c9667548ebad8daf4c13aabdb58b22c21dcd834641e791e55f289"},
    {file = "uv-0.4.18-py3-none-musllinux_1_1_ppc64le.whl", hash = "sha256:6566448278b6849846b6c586fc86748c66aa53ed70f5568e713122543cc86a50"},
    {file = "uv-0.4.18-py3-none-musllinux_1_1_x86_64.whl", hash = "sha256:ade18dbbeb05c8cba4f842cc15b20e59467069183f348844750901227df5008d"},
    {file = "uv-0.4.18-py3-none-win32.whl", hash = "sha256:157e4a2c063b270de348862dd31abfe600d5601183fd2a6efe552840ac179626"},
    {file = "uv-0.4.18-py3-none-win_amd64.whl", hash = "sha256:8250148484e1b0f89ec19467946e86ee303619985c23228b5a2f2d94d15c6d8b"},
    {file = "uv-0.4.18.tar.gz", hash = "sha256:954964eff8c7e2bc63dd4beeb8d45bcaddb5149a7ef29a36abd77ec76c8b837e"},
]

[package.source]
type = "legacy"
url = "http://artifactory.us.nxteam.dev/artifactory/api/pypi/pypi-remote/simple"
reference = "pypi-remote"

[[package]]
name = "win32-setctime"
version = "1.1.0"
description = "A small Python utility to set file creation time on Windows"
optional = false
python-versions = ">=3.5"
files = [
    {file = "win32_setctime-1.1.0-py3-none-any.whl", hash = "sha256:231db239e959c2fe7eb1d7dc129f11172354f98361c4fa2d6d2d7e278baa8aad"},
    {file = "win32_setctime-1.1.0.tar.gz", hash = "sha256:15cf5750465118d6929ae4de4eb46e8edae9a5634350c01ba582df868e932cb2"},
]

[package.extras]
dev = ["black (>=19.3b0)", "pytest (>=4.6.2)"]

[package.source]
type = "legacy"
url = "http://artifactory.us.nxteam.dev/artifactory/api/pypi/pypi-remote/simple"
reference = "pypi-remote"

[metadata]
lock-version = "2.0"
python-versions = "^3.11"
content-hash = "fc1f469a665b8488090d3d74c663aa203b5a424a8946692d6c26a401e2115146"
